
Microsoft Visual Studio Solution File, Format Version 12.00
# Visual Studio Version 17
VisualStudioVersion = 17.1.32319.34
MinimumVisualStudioVersion = 10.0.40219.1
Project("{FAE04EC0-301F-11D3-BF4B-00C04F79EFBC}") = "WindowsOefening", "WindowsOefening\WindowsOefening.csproj", "{B6476F58-D44A-47FD-9CE9-136F9099EEE5}"
EndProject
Project("{FAE04EC0-301F-11D3-BF4B-00C04F79EFBC}") = "LeeszaalLib", "LeeszaalLibrary\LeeszaalLib.csproj", "{5B44EC6B-BC68-417D-A65A-93F24C82BB97}"
EndProject
Project("{FAE04EC0-301F-11D3-BF4B-00C04F79EFBC}") = "LeeszaalLib.Tests", "LeeszaalLib.Tests\LeeszaalLib.Tests.csproj", "{4BFD24F3-A92E-4865-AA88-04364FDBE318}"
EndProject
Global
	GlobalSection(SolutionConfigurationPlatforms) = preSolution
		Debug|Any CPU = Debug|Any CPU
		Release|Any CPU = Release|Any CPU
	EndGlobalSection
	GlobalSection(ProjectConfigurationPlatforms) = postSolution
		{B6476F58-D44A-47FD-9CE9-136F9099EEE5}.Debug|Any CPU.ActiveCfg = Debug|Any CPU
		{B6476F58-D44A-47FD-9CE9-136F9099EEE5}.Debug|Any CPU.Build.0 = Debug|Any CPU
		{B6476F58-D44A-47FD-9CE9-136F9099EEE5}.Release|Any CPU.ActiveCfg = Release|Any CPU
		{B6476F58-D44A-47FD-9CE9-136F9099EEE5}.Release|Any CPU.Build.0 = Release|Any CPU
		{5B44EC6B-BC68-417D-A65A-93F24C82BB97}.Debug|Any CPU.ActiveCfg = Debug|Any CPU
		{5B44EC6B-BC68-417D-A65A-93F24C82BB97}.Debug|Any CPU.Build.0 = Debug|Any CPU
		{5B44EC6B-BC68-417D-A65A-93F24C82BB97}.Release|Any CPU.ActiveCfg = Release|Any CPU
		{5B44EC6B-BC68-417D-A65A-93F24C82BB97}.Release|Any CPU.Build.0 = Release|Any CPU
		{4BFD24F3-A92E-4865-AA88-04364FDBE318}.Debug|Any CPU.ActiveCfg = Debug|Any CPU
		{4BFD24F3-A92E-4865-AA88-04364FDBE318}.Debug|Any CPU.Build.0 = Debug|Any CPU
		{4BFD24F3-A92E-4865-AA88-04364FDBE318}.Release|Any CPU.ActiveCfg = Release|Any CPU
		{4BFD24F3-A92E-4865-AA88-04364FDBE318}.Release|Any CPU.Build.0 = Release|Any CPU
	EndGlobalSection
	GlobalSection(SolutionProperties) = preSolution
		HideSolutionNode = FALSE
	EndGlobalSection
	GlobalSection(ExtensibilityGlobals) = postSolution
		SolutionGuid = {ACE61FB9-8B72-45E1-9DF5-E38211898EB0}
	EndGlobalSection
EndGlobal
